
Microsoft Visual Studio Solution File, Format Version 12.00
# Visual Studio Version 16
VisualStudioVersion = 16.0.29306.81
MinimumVisualStudioVersion = 10.0.40219.1
Project("{FAE04EC0-301F-11D3-BF4B-00C04F79EFBC}") = "WebApiClient", "WebApiClient\WebApiClient.csproj", "{BE015FDE-D055-4A2C-A932-D7F9EEF03301}"
EndProject
Project("{FAE04EC0-301F-11D3-BF4B-00C04F79EFBC}") = "WebAppApiClient", "WebAppApiClient\WebAppApiClient.csproj", "{03E8C3E5-D140-4EFC-A375-B0A9A706C414}"
EndProject
Global
	GlobalSection(SolutionConfigurationPlatforms) = preSolution
		Debug|Any CPU = Debug|Any CPU
		Release|Any CPU = Release|Any CPU
	EndGlobalSection
	GlobalSection(ProjectConfigurationPlatforms) = postSolution
		{BE015FDE-D055-4A2C-A932-D7F9EEF03301}.Debug|Any CPU.ActiveCfg = Debug|Any CPU
		{BE015FDE-D055-4A2C-A932-D7F9EEF03301}.Debug|Any CPU.Build.0 = Debug|Any CPU
		{BE015FDE-D055-4A2C-A932-D7F9EEF03301}.Release|Any CPU.ActiveCfg = Release|Any CPU
		{BE015FDE-D055-4A2C-A932-D7F9EEF03301}.Release|Any CPU.Build.0 = Release|Any CPU
		{03E8C3E5-D140-4EFC-A375-B0A9A706C414}.Debug|Any CPU.ActiveCfg = Debug|Any CPU
		{03E8C3E5-D140-4EFC-A375-B0A9A706C414}.Debug|Any CPU.Build.0 = Debug|Any CPU
		{03E8C3E5-D140-4EFC-A375-B0A9A706C414}.Release|Any CPU.ActiveCfg = Release|Any CPU
		{03E8C3E5-D140-4EFC-A375-B0A9A706C414}.Release|Any CPU.Build.0 = Release|Any CPU
	EndGlobalSection
	GlobalSection(SolutionProperties) = preSolution
		HideSolutionNode = FALSE
	EndGlobalSection
	GlobalSection(ExtensibilityGlobals) = postSolution
		SolutionGuid = {D521AAF4-E4C2-4576-84EF-566E5915B485}
	EndGlobalSection
EndGlobal
